// !$*UTF8*$!
{
	archiveVersion = 1;
	classes = {
	};
	objectVersion = 77;
	objects = {

/* Begin PBXBuildFile section */
		110000000000000000000112 /* Assets.xcassets in Resources */ = {isa = PBXBuildFile; fileRef = 110000000000000000000016 /* Assets.xcassets */; };
		110000000000000000000101 /* CmdCmdApp.swift in Sources */ = {isa = PBXBuildFile; fileRef = 110000000000000000000001 /* CmdCmdApp.swift */; };
		110000000000000000000102 /* CaptureModels.swift in Sources */ = {isa = PBXBuildFile; fileRef = 110000000000000000000002 /* CaptureModels.swift */; };
		110000000000000000000103 /* CaptureRepository.swift in Sources */ = {isa = PBXBuildFile; fileRef = 110000000000000000000003 /* CaptureRepository.swift */; };
		110000000000000000000104 /* ImageProcessor.swift in Sources */ = {isa = PBXBuildFile; fileRef = 110000000000000000000004 /* ImageProcessor.swift */; };
		110000000000000000000105 /* OCRService.swift in Sources */ = {isa = PBXBuildFile; fileRef = 110000000000000000000005 /* OCRService.swift */; };
		110000000000000000000106 /* RelayClient.swift in Sources */ = {isa = PBXBuildFile; fileRef = 110000000000000000000006 /* RelayClient.swift */; };
		110000000000000000000107 /* CapturePipeline.swift in Sources */ = {isa = PBXBuildFile; fileRef = 110000000000000000000007 /* CapturePipeline.swift */; };
		110000000000000000000108 /* CaptureStore.swift in Sources */ = {isa = PBXBuildFile; fileRef = 110000000000000000000008 /* CaptureStore.swift */; };
		110000000000000000000116 /* LatestScreenshotProvider.swift in Sources */ = {isa = PBXBuildFile; fileRef = 110000000000000000000017 /* LatestScreenshotProvider.swift */; };
		110000000000000000000109 /* Formatters.swift in Sources */ = {isa = PBXBuildFile; fileRef = 110000000000000000000009 /* Formatters.swift */; };
		11000000000000000000010A /* StatusPresentation.swift in Sources */ = {isa = PBXBuildFile; fileRef = 11000000000000000000000A /* StatusPresentation.swift */; };
		110000000000000000000114 /* Theme.swift in Sources */ = {isa = PBXBuildFile; fileRef = 110000000000000000000014 /* Theme.swift */; };
		110000000000000000000115 /* ImagePlaceholder.swift in Sources */ = {isa = PBXBuildFile; fileRef = 110000000000000000000015 /* ImagePlaceholder.swift */; };
		110000000000000000000117 /* AppshotFeedbackView.swift in Sources */ = {isa = PBXBuildFile; fileRef = 110000000000000000000018 /* AppshotFeedbackView.swift */; };
		11000000000000000000020A /* Theme.swift in Sources */ = {isa = PBXBuildFile; fileRef = 110000000000000000000014 /* Theme.swift */; };
		11000000000000000000020B /* AppshotFeedbackView.swift in Sources */ = {isa = PBXBuildFile; fileRef = 110000000000000000000018 /* AppshotFeedbackView.swift */; };
		11000000000000000000010B /* GlassPanel.swift in Sources */ = {isa = PBXBuildFile; fileRef = 11000000000000000000000B /* GlassPanel.swift */; };
		11000000000000000000010C /* ContentView.swift in Sources */ = {isa = PBXBuildFile; fileRef = 11000000000000000000000C /* ContentView.swift */; };
		11000000000000000000010D /* CaptureView.swift in Sources */ = {isa = PBXBuildFile; fileRef = 11000000000000000000000D /* CaptureView.swift */; };
		11000000000000000000010E /* SettingsView.swift in Sources */ = {isa = PBXBuildFile; fileRef = 11000000000000000000000E /* SettingsView.swift */; };
		11000000000000000000010F /* HistoryView.swift in Sources */ = {isa = PBXBuildFile; fileRef = 11000000000000000000000F /* HistoryView.swift */; };
		110000000000000000000110 /* SendScreenshotToCodexIntent.swift in Sources */ = {isa = PBXBuildFile; fileRef = 110000000000000000000010 /* SendScreenshotToCodexIntent.swift */; };
		110000000000000000000111 /* FloatingTabBar.swift in Sources */ = {isa = PBXBuildFile; fileRef = 110000000000000000000013 /* FloatingTabBar.swift */; };
		110000000000000000000201 /* CaptureModels.swift in Sources */ = {isa = PBXBuildFile; fileRef = 110000000000000000000002 /* CaptureModels.swift */; };
		110000000000000000000202 /* CaptureRepository.swift in Sources */ = {isa = PBXBuildFile; fileRef = 110000000000000000000003 /* CaptureRepository.swift */; };
		110000000000000000000203 /* ImageProcessor.swift in Sources */ = {isa = PBXBuildFile; fileRef = 110000000000000000000004 /* ImageProcessor.swift */; };
		110000000000000000000204 /* OCRService.swift in Sources */ = {isa = PBXBuildFile; fileRef = 110000000000000000000005 /* OCRService.swift */; };
		110000000000000000000205 /* RelayClient.swift in Sources */ = {isa = PBXBuildFile; fileRef = 110000000000000000000006 /* RelayClient.swift */; };
		110000000000000000000206 /* CapturePipeline.swift in Sources */ = {isa = PBXBuildFile; fileRef = 110000000000000000000007 /* CapturePipeline.swift */; };
		110000000000000000000207 /* GlassPanel.swift in Sources */ = {isa = PBXBuildFile; fileRef = 11000000000000000000000B /* GlassPanel.swift */; };
		110000000000000000000208 /* ShareViewController.swift in Sources */ = {isa = PBXBuildFile; fileRef = 110000000000000000000020 /* ShareViewController.swift */; };
		110000000000000000000209 /* ShareCaptureView.swift in Sources */ = {isa = PBXBuildFile; fileRef = 110000000000000000000021 /* ShareCaptureView.swift */; };
		110000000000000000000301 /* cmd+cmd Share.appex in Embed App Extensions */ = {isa = PBXBuildFile; fileRef = 110000000000000000000031 /* cmd+cmd Share.appex */; settings = {ATTRIBUTES = (CodeSignOnCopy, RemoveHeadersOnCopy, ); }; };
/* End PBXBuildFile section */

/* Begin PBXContainerItemProxy section */
		110000000000000000000401 /* PBXContainerItemProxy */ = {
			isa = PBXContainerItemProxy;
			containerPortal = 110000000000000000000600 /* Project object */;
			proxyType = 1;
			remoteGlobalIDString = 110000000000000000000502;
			remoteInfo = CmdCmdShareExtension;
		};
/* End PBXContainerItemProxy section */

/* Begin PBXCopyFilesBuildPhase section */
		110000000000000000000411 /* Embed App Extensions */ = {
			isa = PBXCopyFilesBuildPhase;
			buildActionMask = 2147483647;
			dstPath = "";
			dstSubfolderSpec = 13;
			files = (
				110000000000000000000301 /* cmd+cmd Share.appex in Embed App Extensions */,
			);
			name = "Embed App Extensions";
			runOnlyForDeploymentPostprocessing = 0;
		};
/* End PBXCopyFilesBuildPhase section */

/* Begin PBXFileReference section */
		110000000000000000000001 /* CmdCmdApp.swift */ = {isa = PBXFileReference; lastKnownFileType = sourcecode.swift; path = App/CmdCmdApp.swift; sourceTree = "<group>"; };
		110000000000000000000002 /* CaptureModels.swift */ = {isa = PBXFileReference; lastKnownFileType = sourcecode.swift; path = Models/CaptureModels.swift; sourceTree = "<group>"; };
		110000000000000000000003 /* CaptureRepository.swift */ = {isa = PBXFileReference; lastKnownFileType = sourcecode.swift; path = Services/CaptureRepository.swift; sourceTree = "<group>"; };
		110000000000000000000004 /* ImageProcessor.swift */ = {isa = PBXFileReference; lastKnownFileType = sourcecode.swift; path = Services/ImageProcessor.swift; sourceTree = "<group>"; };
		110000000000000000000005 /* OCRService.swift */ = {isa = PBXFileReference; lastKnownFileType = sourcecode.swift; path = Services/OCRService.swift; sourceTree = "<group>"; };
		110000000000000000000006 /* RelayClient.swift */ = {isa = PBXFileReference; lastKnownFileType = sourcecode.swift; path = Services/RelayClient.swift; sourceTree = "<group>"; };
		110000000000000000000007 /* CapturePipeline.swift */ = {isa = PBXFileReference; lastKnownFileType = sourcecode.swift; path = Services/CapturePipeline.swift; sourceTree = "<group>"; };
		110000000000000000000008 /* CaptureStore.swift */ = {isa = PBXFileReference; lastKnownFileType = sourcecode.swift; path = Services/CaptureStore.swift; sourceTree = "<group>"; };
		110000000000000000000017 /* LatestScreenshotProvider.swift */ = {isa = PBXFileReference; lastKnownFileType = sourcecode.swift; path = Services/LatestScreenshotProvider.swift; sourceTree = "<group>"; };
		110000000000000000000018 /* AppshotFeedbackView.swift */ = {isa = PBXFileReference; lastKnownFileType = sourcecode.swift; path = Views/Components/AppshotFeedbackView.swift; sourceTree = "<group>"; };
		110000000000000000000009 /* Formatters.swift */ = {isa = PBXFileReference; lastKnownFileType = sourcecode.swift; path = Support/Formatters.swift; sourceTree = "<group>"; };
		11000000000000000000000A /* StatusPresentation.swift */ = {isa = PBXFileReference; lastKnownFileType = sourcecode.swift; path = Support/StatusPresentation.swift; sourceTree = "<group>"; };
		110000000000000000000014 /* Theme.swift */ = {isa = PBXFileReference; lastKnownFileType = sourcecode.swift; path = Support/Theme.swift; sourceTree = "<group>"; };
		110000000000000000000015 /* ImagePlaceholder.swift */ = {isa = PBXFileReference; lastKnownFileType = sourcecode.swift; path = Views/Components/ImagePlaceholder.swift; sourceTree = "<group>"; };
		110000000000000000000016 /* Assets.xcassets */ = {isa = PBXFileReference; lastKnownFileType = folder.assetcatalog; path = Resources/Assets.xcassets; sourceTree = "<group>"; };
		11000000000000000000000B /* GlassPanel.swift */ = {isa = PBXFileReference; lastKnownFileType = sourcecode.swift; path = Views/Components/GlassPanel.swift; sourceTree = "<group>"; };
		11000000000000000000000C /* ContentView.swift */ = {isa = PBXFileReference; lastKnownFileType = sourcecode.swift; path = Views/ContentView.swift; sourceTree = "<group>"; };
		11000000000000000000000D /* CaptureView.swift */ = {isa = PBXFileReference; lastKnownFileType = sourcecode.swift; path = Views/CaptureView.swift; sourceTree = "<group>"; };
		11000000000000000000000E /* SettingsView.swift */ = {isa = PBXFileReference; lastKnownFileType = sourcecode.swift; path = Views/SettingsView.swift; sourceTree = "<group>"; };
		11000000000000000000000F /* HistoryView.swift */ = {isa = PBXFileReference; lastKnownFileType = sourcecode.swift; path = Views/HistoryView.swift; sourceTree = "<group>"; };
		110000000000000000000010 /* SendScreenshotToCodexIntent.swift */ = {isa = PBXFileReference; lastKnownFileType = sourcecode.swift; path = Intents/SendScreenshotToCodexIntent.swift; sourceTree = "<group>"; };
		110000000000000000000011 /* Info.plist */ = {isa = PBXFileReference; lastKnownFileType = text.plist.xml; path = Resources/Info.plist; sourceTree = "<group>"; };
		110000000000000000000012 /* CmdCmd.entitlements */ = {isa = PBXFileReference; lastKnownFileType = text.plist.entitlements; path = Resources/CmdCmd.entitlements; sourceTree = "<group>"; };
		110000000000000000000013 /* FloatingTabBar.swift */ = {isa = PBXFileReference; lastKnownFileType = sourcecode.swift; path = Views/Components/FloatingTabBar.swift; sourceTree = "<group>"; };
		110000000000000000000020 /* ShareViewController.swift */ = {isa = PBXFileReference; lastKnownFileType = sourcecode.swift; path = ShareViewController.swift; sourceTree = "<group>"; };
		110000000000000000000021 /* ShareCaptureView.swift */ = {isa = PBXFileReference; lastKnownFileType = sourcecode.swift; path = ShareCaptureView.swift; sourceTree = "<group>"; };
		110000000000000000000022 /* Info.plist */ = {isa = PBXFileReference; lastKnownFileType = text.plist.xml; path = Info.plist; sourceTree = "<group>"; };
		110000000000000000000023 /* ShareExtension.entitlements */ = {isa = PBXFileReference; lastKnownFileType = text.plist.entitlements; path = ShareExtension.entitlements; sourceTree = "<group>"; };
		110000000000000000000030 /* cmd+cmd.app */ = {isa = PBXFileReference; explicitFileType = wrapper.application; includeInIndex = 0; path = "cmd+cmd.app"; sourceTree = BUILT_PRODUCTS_DIR; };
		110000000000000000000031 /* cmd+cmd Share.appex */ = {isa = PBXFileReference; explicitFileType = "wrapper.app-extension"; includeInIndex = 0; path = "cmd+cmd Share.appex"; sourceTree = BUILT_PRODUCTS_DIR; };
/* End PBXFileReference section */

/* Begin PBXFrameworksBuildPhase section */
		110000000000000000000420 /* Frameworks */ = {
			isa = PBXFrameworksBuildPhase;
			buildActionMask = 2147483647;
			files = (
			);
			runOnlyForDeploymentPostprocessing = 0;
		};
		110000000000000000000421 /* Frameworks */ = {
			isa = PBXFrameworksBuildPhase;
			buildActionMask = 2147483647;
			files = (
			);
			runOnlyForDeploymentPostprocessing = 0;
		};
/* End PBXFrameworksBuildPhase section */

/* Begin PBXGroup section */
		110000000000000000000700 = {
			isa = PBXGroup;
			children = (
				110000000000000000000701 /* CmdCmd */,
				110000000000000000000702 /* ShareExtension */,
				110000000000000000000703 /* Products */,
			);
			sourceTree = "<group>";
		};
		110000000000000000000701 /* CmdCmd */ = {
			isa = PBXGroup;
			children = (
				110000000000000000000001 /* CmdCmdApp.swift */,
				110000000000000000000002 /* CaptureModels.swift */,
				110000000000000000000003 /* CaptureRepository.swift */,
				110000000000000000000004 /* ImageProcessor.swift */,
				110000000000000000000005 /* OCRService.swift */,
				110000000000000000000006 /* RelayClient.swift */,
				110000000000000000000007 /* CapturePipeline.swift */,
				110000000000000000000008 /* CaptureStore.swift */,
				110000000000000000000017 /* LatestScreenshotProvider.swift */,
				110000000000000000000009 /* Formatters.swift */,
				11000000000000000000000A /* StatusPresentation.swift */,
				11000000000000000000000B /* GlassPanel.swift */,
				11000000000000000000000C /* ContentView.swift */,
				11000000000000000000000D /* CaptureView.swift */,
				11000000000000000000000E /* SettingsView.swift */,
				11000000000000000000000F /* HistoryView.swift */,
				110000000000000000000010 /* SendScreenshotToCodexIntent.swift */,
				110000000000000000000013 /* FloatingTabBar.swift */,
				110000000000000000000014 /* Theme.swift */,
				110000000000000000000015 /* ImagePlaceholder.swift */,
				110000000000000000000018 /* AppshotFeedbackView.swift */,
				110000000000000000000016 /* Assets.xcassets */,
				110000000000000000000011 /* Info.plist */,
				110000000000000000000012 /* CmdCmd.entitlements */,
			);
			path = CmdCmd;
			sourceTree = "<group>";
		};
		110000000000000000000702 /* ShareExtension */ = {
			isa = PBXGroup;
			children = (
				110000000000000000000020 /* ShareViewController.swift */,
				110000000000000000000021 /* ShareCaptureView.swift */,
				110000000000000000000022 /* Info.plist */,
				110000000000000000000023 /* ShareExtension.entitlements */,
			);
			path = ShareExtension;
			sourceTree = "<group>";
		};
		110000000000000000000703 /* Products */ = {
			isa = PBXGroup;
			children = (
				110000000000000000000030 /* cmd+cmd.app */,
				110000000000000000000031 /* cmd+cmd Share.appex */,
			);
			name = Products;
			sourceTree = "<group>";
		};
/* End PBXGroup section */

/* Begin PBXNativeTarget section */
		110000000000000000000501 /* CmdCmd */ = {
			isa = PBXNativeTarget;
			buildConfigurationList = 110000000000000000000801 /* Build configuration list for PBXNativeTarget "CmdCmd" */;
			buildPhases = (
				110000000000000000000430 /* Sources */,
				110000000000000000000420 /* Frameworks */,
				110000000000000000000440 /* Resources */,
				110000000000000000000411 /* Embed App Extensions */,
			);
			buildRules = (
			);
			dependencies = (
				110000000000000000000402 /* PBXTargetDependency */,
			);
			name = CmdCmd;
			productName = CmdCmd;
			productReference = 110000000000000000000030 /* cmd+cmd.app */;
			productType = "com.apple.product-type.application";
		};
		110000000000000000000502 /* CmdCmdShareExtension */ = {
			isa = PBXNativeTarget;
			buildConfigurationList = 110000000000000000000802 /* Build configuration list for PBXNativeTarget "CmdCmdShareExtension" */;
			buildPhases = (
				110000000000000000000431 /* Sources */,
				110000000000000000000421 /* Frameworks */,
				110000000000000000000441 /* Resources */,
			);
			buildRules = (
			);
			dependencies = (
			);
			name = CmdCmdShareExtension;
			productName = CmdCmdShareExtension;
			productReference = 110000000000000000000031 /* cmd+cmd Share.appex */;
			productType = "com.apple.product-type.app-extension";
		};
/* End PBXNativeTarget section */

/* Begin PBXProject section */
		110000000000000000000600 /* Project object */ = {
			isa = PBXProject;
			attributes = {
				BuildIndependentTargetsInParallel = 1;
				LastSwiftUpdateCheck = 2650;
				LastUpgradeCheck = 2650;
				TargetAttributes = {
					110000000000000000000501 = {
						CreatedOnToolsVersion = 26.5;
					};
					110000000000000000000502 = {
						CreatedOnToolsVersion = 26.5;
					};
				};
			};
			buildConfigurationList = 110000000000000000000800 /* Build configuration list for PBXProject "CmdCmd" */;
			developmentRegion = en;
			hasScannedForEncodings = 0;
			knownRegions = (
				en,
				Base,
			);
			mainGroup = 110000000000000000000700;
			minimizedProjectReferenceProxies = 1;
			preferredProjectObjectVersion = 77;
			productRefGroup = 110000000000000000000703 /* Products */;
			projectDirPath = "";
			projectRoot = "";
			targets = (
				110000000000000000000501 /* CmdCmd */,
				110000000000000000000502 /* CmdCmdShareExtension */,
			);
		};
/* End PBXProject section */

/* Begin PBXResourcesBuildPhase section */
		110000000000000000000440 /* Resources */ = {
			isa = PBXResourcesBuildPhase;
			buildActionMask = 2147483647;
			files = (
				110000000000000000000112 /* Assets.xcassets in Resources */,
			);
			runOnlyForDeploymentPostprocessing = 0;
		};
		110000000000000000000441 /* Resources */ = {
			isa = PBXResourcesBuildPhase;
			buildActionMask = 2147483647;
			files = (
			);
			runOnlyForDeploymentPostprocessing = 0;
		};
/* End PBXResourcesBuildPhase section */

/* Begin PBXSourcesBuildPhase section */
		110000000000000000000430 /* Sources */ = {
			isa = PBXSourcesBuildPhase;
			buildActionMask = 2147483647;
			files = (
				110000000000000000000101 /* CmdCmdApp.swift in Sources */,
				110000000000000000000102 /* CaptureModels.swift in Sources */,
				110000000000000000000103 /* CaptureRepository.swift in Sources */,
				110000000000000000000104 /* ImageProcessor.swift in Sources */,
				110000000000000000000105 /* OCRService.swift in Sources */,
				110000000000000000000106 /* RelayClient.swift in Sources */,
				110000000000000000000107 /* CapturePipeline.swift in Sources */,
				110000000000000000000108 /* CaptureStore.swift in Sources */,
				110000000000000000000116 /* LatestScreenshotProvider.swift in Sources */,
				110000000000000000000109 /* Formatters.swift in Sources */,
				11000000000000000000010A /* StatusPresentation.swift in Sources */,
				110000000000000000000114 /* Theme.swift in Sources */,
				110000000000000000000115 /* ImagePlaceholder.swift in Sources */,
				110000000000000000000117 /* AppshotFeedbackView.swift in Sources */,
				11000000000000000000010B /* GlassPanel.swift in Sources */,
				11000000000000000000010C /* ContentView.swift in Sources */,
				11000000000000000000010D /* CaptureView.swift in Sources */,
				11000000000000000000010E /* SettingsView.swift in Sources */,
				11000000000000000000010F /* HistoryView.swift in Sources */,
				110000000000000000000110 /* SendScreenshotToCodexIntent.swift in Sources */,
				110000000000000000000111 /* FloatingTabBar.swift in Sources */,
			);
			runOnlyForDeploymentPostprocessing = 0;
		};
		110000000000000000000431 /* Sources */ = {
			isa = PBXSourcesBuildPhase;
			buildActionMask = 2147483647;
			files = (
				110000000000000000000201 /* CaptureModels.swift in Sources */,
				110000000000000000000202 /* CaptureRepository.swift in Sources */,
				110000000000000000000203 /* ImageProcessor.swift in Sources */,
				110000000000000000000204 /* OCRService.swift in Sources */,
				110000000000000000000205 /* RelayClient.swift in Sources */,
				110000000000000000000206 /* CapturePipeline.swift in Sources */,
				110000000000000000000207 /* GlassPanel.swift in Sources */,
				11000000000000000000020A /* Theme.swift in Sources */,
				11000000000000000000020B /* AppshotFeedbackView.swift in Sources */,
				110000000000000000000208 /* ShareViewController.swift in Sources */,
				110000000000000000000209 /* ShareCaptureView.swift in Sources */,
			);
			runOnlyForDeploymentPostprocessing = 0;
		};
/* End PBXSourcesBuildPhase section */

/* Begin PBXTargetDependency section */
		110000000000000000000402 /* PBXTargetDependency */ = {
			isa = PBXTargetDependency;
			target = 110000000000000000000502 /* CmdCmdShareExtension */;
			targetProxy = 110000000000000000000401 /* PBXContainerItemProxy */;
		};
/* End PBXTargetDependency section */

/* Begin XCBuildConfiguration section */
		110000000000000000000900 /* Debug */ = {
			isa = XCBuildConfiguration;
			buildSettings = {
				ALWAYS_SEARCH_USER_PATHS = NO;
				CLANG_ANALYZER_NONNULL = YES;
				CLANG_ANALYZER_NUMBER_OBJECT_CONVERSION = YES_AGGRESSIVE;
				CLANG_CXX_LANGUAGE_STANDARD = "gnu++20";
				CLANG_ENABLE_MODULES = YES;
				CLANG_ENABLE_OBJC_ARC = YES;
				CLANG_ENABLE_OBJC_WEAK = YES;
				CLANG_WARN_BLOCK_CAPTURE_AUTORELEASING = YES;
				CLANG_WARN_BOOL_CONVERSION = YES;
				CLANG_WARN_COMMA = YES;
				CLANG_WARN_CONSTANT_CONVERSION = YES;
				CLANG_WARN_DEPRECATED_OBJC_IMPLEMENTATIONS = YES;
				CLANG_WARN_DIRECT_OBJC_ISA_USAGE = YES_ERROR;
				CLANG_WARN_DOCUMENTATION_COMMENTS = YES;
				CLANG_WARN_EMPTY_BODY = YES;
				CLANG_WARN_ENUM_CONVERSION = YES;
				CLANG_WARN_INFINITE_RECURSION = YES;
				CLANG_WARN_INT_CONVERSION = YES;
				CLANG_WARN_NON_LITERAL_NULL_CONVERSION = YES;
				CLANG_WARN_OBJC_IMPLICIT_RETAIN_SELF = YES;
				CLANG_WARN_OBJC_LITERAL_CONVERSION = YES;
				CLANG_WARN_OBJC_ROOT_CLASS = YES_ERROR;
				CLANG_WARN_QUOTED_INCLUDE_IN_FRAMEWORK_HEADER = YES;
				CLANG_WARN_RANGE_LOOP_ANALYSIS = YES;
				CLANG_WARN_STRICT_PROTOTYPES = YES;
				CLANG_WARN_SUSPICIOUS_MOVE = YES;
				CLANG_WARN_UNGUARDED_AVAILABILITY = YES_AGGRESSIVE;
				CLANG_WARN_UNREACHABLE_CODE = YES;
				CLANG_WARN__DUPLICATE_METHOD_MATCH = YES;
				COPY_PHASE_STRIP = NO;
				DEBUG_INFORMATION_FORMAT = dwarf;
				ENABLE_STRICT_OBJC_MSGSEND = YES;
				ENABLE_TESTABILITY = YES;
				ENABLE_USER_SCRIPT_SANDBOXING = YES;
				GCC_C_LANGUAGE_STANDARD = gnu17;
				GCC_DYNAMIC_NO_PIC = NO;
				GCC_NO_COMMON_BLOCKS = YES;
				GCC_OPTIMIZATION_LEVEL = 0;
				GCC_PREPROCESSOR_DEFINITIONS = (
					"DEBUG=1",
					"$(inherited)",
				);
				GCC_WARN_64_TO_32_BIT_CONVERSION = YES;
				GCC_WARN_ABOUT_RETURN_TYPE = YES_ERROR;
				GCC_WARN_UNDECLARED_SELECTOR = YES;
				GCC_WARN_UNINITIALIZED_AUTOS = YES_AGGRESSIVE;
				GCC_WARN_UNUSED_FUNCTION = YES;
				GCC_WARN_UNUSED_VARIABLE = YES;
				IPHONEOS_DEPLOYMENT_TARGET = 18.0;
				LOCALIZATION_PREFERS_STRING_CATALOGS = YES;
				MTL_ENABLE_DEBUG_INFO = INCLUDE_SOURCE;
				MTL_FAST_MATH = YES;
				ONLY_ACTIVE_ARCH = YES;
				SDKROOT = iphoneos;
				SWIFT_ACTIVE_COMPILATION_CONDITIONS = "DEBUG $(inherited)";
				SWIFT_EMIT_LOC_STRINGS = YES;
				SWIFT_OPTIMIZATION_LEVEL = "-Onone";
			};
			name = Debug;
		};
		110000000000000000000901 /* Release */ = {
			isa = XCBuildConfiguration;
			buildSettings = {
				ALWAYS_SEARCH_USER_PATHS = NO;
				CLANG_ANALYZER_NONNULL = YES;
				CLANG_ANALYZER_NUMBER_OBJECT_CONVERSION = YES_AGGRESSIVE;
				CLANG_CXX_LANGUAGE_STANDARD = "gnu++20";
				CLANG_ENABLE_MODULES = YES;
				CLANG_ENABLE_OBJC_ARC = YES;
				CLANG_ENABLE_OBJC_WEAK = YES;
				CLANG_WARN_BLOCK_CAPTURE_AUTORELEASING = YES;
				CLANG_WARN_BOOL_CONVERSION = YES;
				CLANG_WARN_COMMA = YES;
				CLANG_WARN_CONSTANT_CONVERSION = YES;
				CLANG_WARN_DEPRECATED_OBJC_IMPLEMENTATIONS = YES;
				CLANG_WARN_DIRECT_OBJC_ISA_USAGE = YES_ERROR;
				CLANG_WARN_DOCUMENTATION_COMMENTS = YES;
				CLANG_WARN_EMPTY_BODY = YES;
				CLANG_WARN_ENUM_CONVERSION = YES;
				CLANG_WARN_INFINITE_RECURSION = YES;
				CLANG_WARN_INT_CONVERSION = YES;
				CLANG_WARN_NON_LITERAL_NULL_CONVERSION = YES;
				CLANG_WARN_OBJC_IMPLICIT_RETAIN_SELF = YES;
				CLANG_WARN_OBJC_LITERAL_CONVERSION = YES;
				CLANG_WARN_OBJC_ROOT_CLASS = YES_ERROR;
				CLANG_WARN_QUOTED_INCLUDE_IN_FRAMEWORK_HEADER = YES;
				CLANG_WARN_RANGE_LOOP_ANALYSIS = YES;
				CLANG_WARN_STRICT_PROTOTYPES = YES;
				CLANG_WARN_SUSPICIOUS_MOVE = YES;
				CLANG_WARN_UNGUARDED_AVAILABILITY = YES_AGGRESSIVE;
				CLANG_WARN_UNREACHABLE_CODE = YES;
				CLANG_WARN__DUPLICATE_METHOD_MATCH = YES;
				COPY_PHASE_STRIP = NO;
				DEBUG_INFORMATION_FORMAT = "dwarf-with-dsym";
				ENABLE_NS_ASSERTIONS = NO;
				ENABLE_STRICT_OBJC_MSGSEND = YES;
				ENABLE_USER_SCRIPT_SANDBOXING = YES;
				GCC_C_LANGUAGE_STANDARD = gnu17;
				GCC_NO_COMMON_BLOCKS = YES;
				GCC_WARN_64_TO_32_BIT_CONVERSION = YES;
				GCC_WARN_ABOUT_RETURN_TYPE = YES_ERROR;
				GCC_WARN_UNDECLARED_SELECTOR = YES;
				GCC_WARN_UNINITIALIZED_AUTOS = YES_AGGRESSIVE;
				GCC_WARN_UNUSED_FUNCTION = YES;
				GCC_WARN_UNUSED_VARIABLE = YES;
				IPHONEOS_DEPLOYMENT_TARGET = 18.0;
				LOCALIZATION_PREFERS_STRING_CATALOGS = YES;
				MTL_ENABLE_DEBUG_INFO = NO;
				MTL_FAST_MATH = YES;
				SDKROOT = iphoneos;
				SWIFT_COMPILATION_MODE = wholemodule;
				SWIFT_EMIT_LOC_STRINGS = YES;
				VALIDATE_PRODUCT = YES;
			};
			name = Release;
		};
		110000000000000000000902 /* Debug */ = {
			isa = XCBuildConfiguration;
			buildSettings = {
				ASSETCATALOG_COMPILER_APPICON_NAME = AppIcon;
				ASSETCATALOG_COMPILER_GENERATE_SWIFT_ASSET_SYMBOL_EXTENSIONS = YES;
				CODE_SIGN_ENTITLEMENTS = CmdCmd/Resources/CmdCmd.entitlements;
				CODE_SIGN_STYLE = Automatic;
				CURRENT_PROJECT_VERSION = 1;
				DEVELOPMENT_ASSET_PATHS = "";
				DEVELOPMENT_TEAM = H8PYU9TN9X;
				GENERATE_INFOPLIST_FILE = NO;
				INFOPLIST_FILE = CmdCmd/Resources/Info.plist;
				INFOPLIST_KEY_UIApplicationSupportsIndirectInputEvents = YES;
				IPHONEOS_DEPLOYMENT_TARGET = 18.0;
				LD_RUNPATH_SEARCH_PATHS = (
					"$(inherited)",
					"@executable_path/Frameworks",
				);
				MARKETING_VERSION = 1.0;
				PRODUCT_BUNDLE_IDENTIFIER = com.jskoiz.cmdcmd;
				PRODUCT_MODULE_NAME = CmdCmd;
				PRODUCT_NAME = "cmd+cmd";
				SUPPORTED_PLATFORMS = "iphoneos iphonesimulator";
				SUPPORTS_MACCATALYST = NO;
				SUPPORTS_MAC_DESIGNED_FOR_IPHONE_IPAD = NO;
				SWIFT_VERSION = 5.0;
				TARGETED_DEVICE_FAMILY = 1;
			};
			name = Debug;
		};
		110000000000000000000903 /* Release */ = {
			isa = XCBuildConfiguration;
			buildSettings = {
				ASSETCATALOG_COMPILER_APPICON_NAME = AppIcon;
				ASSETCATALOG_COMPILER_GENERATE_SWIFT_ASSET_SYMBOL_EXTENSIONS = YES;
				CODE_SIGN_ENTITLEMENTS = CmdCmd/Resources/CmdCmd.entitlements;
				CODE_SIGN_STYLE = Automatic;
				CURRENT_PROJECT_VERSION = 1;
				DEVELOPMENT_ASSET_PATHS = "";
				DEVELOPMENT_TEAM = H8PYU9TN9X;
				GENERATE_INFOPLIST_FILE = NO;
				INFOPLIST_FILE = CmdCmd/Resources/Info.plist;
				INFOPLIST_KEY_UIApplicationSupportsIndirectInputEvents = YES;
				IPHONEOS_DEPLOYMENT_TARGET = 18.0;
				LD_RUNPATH_SEARCH_PATHS = (
					"$(inherited)",
					"@executable_path/Frameworks",
				);
				MARKETING_VERSION = 1.0;
				PRODUCT_BUNDLE_IDENTIFIER = com.jskoiz.cmdcmd;
				PRODUCT_MODULE_NAME = CmdCmd;
				PRODUCT_NAME = "cmd+cmd";
				SUPPORTED_PLATFORMS = "iphoneos iphonesimulator";
				SUPPORTS_MACCATALYST = NO;
				SUPPORTS_MAC_DESIGNED_FOR_IPHONE_IPAD = NO;
				SWIFT_VERSION = 5.0;
				TARGETED_DEVICE_FAMILY = 1;
			};
			name = Release;
		};
		110000000000000000000904 /* Debug */ = {
			isa = XCBuildConfiguration;
			buildSettings = {
				APPLICATION_EXTENSION_API_ONLY = YES;
				CODE_SIGN_ENTITLEMENTS = ShareExtension/ShareExtension.entitlements;
				CODE_SIGN_STYLE = Automatic;
				CURRENT_PROJECT_VERSION = 1;
				DEVELOPMENT_TEAM = H8PYU9TN9X;
				GENERATE_INFOPLIST_FILE = NO;
				INFOPLIST_FILE = ShareExtension/Info.plist;
				IPHONEOS_DEPLOYMENT_TARGET = 18.0;
				LD_RUNPATH_SEARCH_PATHS = (
					"$(inherited)",
					"@executable_path/Frameworks",
					"@executable_path/../../Frameworks",
				);
				MARKETING_VERSION = 1.0;
				PRODUCT_BUNDLE_IDENTIFIER = com.jskoiz.cmdcmd.ShareExtension;
				PRODUCT_MODULE_NAME = CmdCmdShareExtension;
				PRODUCT_NAME = "cmd+cmd Share";
				SKIP_INSTALL = YES;
				SUPPORTED_PLATFORMS = "iphoneos iphonesimulator";
				SUPPORTS_MACCATALYST = NO;
				SUPPORTS_MAC_DESIGNED_FOR_IPHONE_IPAD = NO;
				SWIFT_VERSION = 5.0;
				TARGETED_DEVICE_FAMILY = 1;
			};
			name = Debug;
		};
		110000000000000000000905 /* Release */ = {
			isa = XCBuildConfiguration;
			buildSettings = {
				APPLICATION_EXTENSION_API_ONLY = YES;
				CODE_SIGN_ENTITLEMENTS = ShareExtension/ShareExtension.entitlements;
				CODE_SIGN_STYLE = Automatic;
				CURRENT_PROJECT_VERSION = 1;
				DEVELOPMENT_TEAM = H8PYU9TN9X;
				GENERATE_INFOPLIST_FILE = NO;
				INFOPLIST_FILE = ShareExtension/Info.plist;
				IPHONEOS_DEPLOYMENT_TARGET = 18.0;
				LD_RUNPATH_SEARCH_PATHS = (
					"$(inherited)",
					"@executable_path/Frameworks",
					"@executable_path/../../Frameworks",
				);
				MARKETING_VERSION = 1.0;
				PRODUCT_BUNDLE_IDENTIFIER = com.jskoiz.cmdcmd.ShareExtension;
				PRODUCT_MODULE_NAME = CmdCmdShareExtension;
				PRODUCT_NAME = "cmd+cmd Share";
				SKIP_INSTALL = YES;
				SUPPORTED_PLATFORMS = "iphoneos iphonesimulator";
				SUPPORTS_MACCATALYST = NO;
				SUPPORTS_MAC_DESIGNED_FOR_IPHONE_IPAD = NO;
				SWIFT_VERSION = 5.0;
				TARGETED_DEVICE_FAMILY = 1;
			};
			name = Release;
		};
/* End XCBuildConfiguration section */

/* Begin XCConfigurationList section */
		110000000000000000000800 /* Build configuration list for PBXProject "CmdCmd" */ = {
			isa = XCConfigurationList;
			buildConfigurations = (
				110000000000000000000900 /* Debug */,
				110000000000000000000901 /* Release */,
			);
			defaultConfigurationIsVisible = 0;
			defaultConfigurationName = Release;
		};
		110000000000000000000801 /* Build configuration list for PBXNativeTarget "CmdCmd" */ = {
			isa = XCConfigurationList;
			buildConfigurations = (
				110000000000000000000902 /* Debug */,
				110000000000000000000903 /* Release */,
			);
			defaultConfigurationIsVisible = 0;
			defaultConfigurationName = Release;
		};
		110000000000000000000802 /* Build configuration list for PBXNativeTarget "CmdCmdShareExtension" */ = {
			isa = XCConfigurationList;
			buildConfigurations = (
				110000000000000000000904 /* Debug */,
				110000000000000000000905 /* Release */,
			);
			defaultConfigurationIsVisible = 0;
			defaultConfigurationName = Release;
		};
/* End XCConfigurationList section */
	};
	rootObject = 110000000000000000000600 /* Project object */;
}
